# THIS IS AN AUTOGENERATED FILE. DO NOT EDIT THIS FILE DIRECTLY.
# yarn lockfile v1


windicss@^3.1.7:
  version "3.1.7"
  resolved "https://registry.yarnpkg.com/windicss/-/windicss-3.1.7.tgz#8a3b8a07ed97c2c1354a6e31820d8059da35f724"
  integrity sha512-Q/HQ9j+r2R0fdt85zAjccdo11kHWzQmpkuwIUQIO6PSypyDmBTfN14aAy4szLrpgo2woyuHM7Y+kir4IG4qnKQ==
